{
  "originHash" : "8abf0ca605a6e706e8f9aabb9cbf3aa74d2aa170c89e9277b0d191a7e8d4f582",
  "pins" : [
    {
      "identity" : "swift-argument-parser",
      "kind" : "remoteSourceControl",
      "location" : "https://github.com/apple/swift-argument-parser",
      "state" : {
        "revision" : "cdd0ef3755280949551dc26dee5de9ddeda89f54",
        "version" : "1.6.2"
      }
    },
    {
      "identity" : "swift-cmark",
      "kind" : "remoteSourceControl",
      "location" : "https://github.com/swiftlang/swift-cmark.git",
      "state" : {
        "revision" : "5d9bdaa4228b381639fff09403e39a04926e2dbe",
        "version" : "0.7.1"
      }
    },
    {
      "identity" : "swift-log",
      "kind" : "remoteSourceControl",
      "location" : "https://github.com/apple/swift-log.git",
      "state" : {
        "revision" : "ce592ae52f982c847a4efc0dd881cc9eb32d29f2",
        "version" : "1.6.4"
      }
    },
    {
      "identity" : "swift-markdown",
      "kind" : "remoteSourceControl",
      "location" : "https://github.com/apple/swift-markdown",
      "state" : {
        "revision" : "7d9a5ce307528578dfa777d505496bd5f544ad94",
        "version" : "0.7.3"
      }
    },
    {
      "identity" : "swiftterm",
      "kind" : "remoteSourceControl",
      "location" : "https://github.com/migueldeicaza/SwiftTerm.git",
      "state" : {
        "revision" : "0b8d99bd19b694df44e1ccaa3891309719d34330",
        "version" : "1.5.1"
      }
    },
    {
      "identity" : "termkit",
      "kind" : "remoteSourceControl",
      "location" : "https://github.com/migueldeicaza/TermKit",
      "state" : {
        "branch" : "main",
        "revision" : "6fd4a96b1f310576d8cb1894f8897cbfd4f3ed55"
      }
    },
    {
      "identity" : "textbufferkit",
      "kind" : "remoteSourceControl",
      "location" : "https://github.com/migueldeicaza/TextBufferKit.git",
      "state" : {
        "revision" : "7f3ed5b1d7288de34ad853544d802647be11cfcf",
        "version" : "0.3.0"
      }
    }
  ],
  "version" : 3
}
